# THIS IS AN AUTOGENERATED FILE. DO NOT EDIT THIS FILE DIRECTLY.
# yarn lockfile v1


vuetify@^3.1.12:
  version "3.1.12"
  resolved "https://registry.yarnpkg.com/vuetify/-/vuetify-3.1.12.tgz#f3b8a61d176cbfd876f7208ece21e4a1e434ec6a"
  integrity sha512-6SOMWzNtziDdi/Noeg0l9Q5o20amIuqmj9V5W8fV1nCNdQUZsi6mt9iN+UcfjqwAaALS/z5Nbd4v5OJxy8M4Rw==
